
Microsoft Visual Studio Solution File, Format Version 12.00
# Visual Studio 15
Project("{FAE04EC0-301F-11D3-BF4B-00C04F79EFBC}") = "Assembly-CSharp", "Assembly-CSharp.csproj", "{5953BD6D-EA22-CD6E-CB21-342E1F0DEB4D}"
EndProject
Project("{FAE04EC0-301F-11D3-BF4B-00C04F79EFBC}") = "Assembly-CSharp-Editor", "Assembly-CSharp-Editor.csproj", "{CAC834C4-DAF9-EEDE-596A-87C8C78CDAB4}"
EndProject
Global
	GlobalSection(SolutionConfigurationPlatforms) = preSolution
		Debug|Any CPU = Debug|Any CPU
		Release|Any CPU = Release|Any CPU
	EndGlobalSection
	GlobalSection(ProjectConfigurationPlatforms) = postSolution
		{5953BD6D-EA22-CD6E-CB21-342E1F0DEB4D}.Debug|Any CPU.ActiveCfg = Debug|Any CPU
		{5953BD6D-EA22-CD6E-CB21-342E1F0DEB4D}.Debug|Any CPU.Build.0 = Debug|Any CPU
		{5953BD6D-EA22-CD6E-CB21-342E1F0DEB4D}.Release|Any CPU.ActiveCfg = Release|Any CPU
		{5953BD6D-EA22-CD6E-CB21-342E1F0DEB4D}.Release|Any CPU.Build.0 = Release|Any CPU
		{CAC834C4-DAF9-EEDE-596A-87C8C78CDAB4}.Debug|Any CPU.ActiveCfg = Debug|Any CPU
		{CAC834C4-DAF9-EEDE-596A-87C8C78CDAB4}.Debug|Any CPU.Build.0 = Debug|Any CPU
		{CAC834C4-DAF9-EEDE-596A-87C8C78CDAB4}.Release|Any CPU.ActiveCfg = Release|Any CPU
		{CAC834C4-DAF9-EEDE-596A-87C8C78CDAB4}.Release|Any CPU.Build.0 = Release|Any CPU
	EndGlobalSection
	GlobalSection(SolutionProperties) = preSolution
		HideSolutionNode = FALSE
	EndGlobalSection
EndGlobal
