
Microsoft Visual Studio Solution File, Format Version 12.00
# Visual Studio 15
Project("{FAE04EC0-301F-11D3-BF4B-00C04F79EFBC}") = "Assembly-CSharp", "Assembly-CSharp.csproj", "{97D4D0EB-025E-721B-163C-8EF810168232}"
EndProject
Project("{FAE04EC0-301F-11D3-BF4B-00C04F79EFBC}") = "Assembly-CSharp-Editor", "Assembly-CSharp-Editor.csproj", "{47FFBBE1-989F-DC7C-C212-F00D495B7B59}"
EndProject
Global
	GlobalSection(SolutionConfigurationPlatforms) = preSolution
		Debug|Any CPU = Debug|Any CPU
		Release|Any CPU = Release|Any CPU
	EndGlobalSection
	GlobalSection(ProjectConfigurationPlatforms) = postSolution
		{97D4D0EB-025E-721B-163C-8EF810168232}.Debug|Any CPU.ActiveCfg = Debug|Any CPU
		{97D4D0EB-025E-721B-163C-8EF810168232}.Debug|Any CPU.Build.0 = Debug|Any CPU
		{97D4D0EB-025E-721B-163C-8EF810168232}.Release|Any CPU.ActiveCfg = Release|Any CPU
		{97D4D0EB-025E-721B-163C-8EF810168232}.Release|Any CPU.Build.0 = Release|Any CPU
		{47FFBBE1-989F-DC7C-C212-F00D495B7B59}.Debug|Any CPU.ActiveCfg = Debug|Any CPU
		{47FFBBE1-989F-DC7C-C212-F00D495B7B59}.Debug|Any CPU.Build.0 = Debug|Any CPU
		{47FFBBE1-989F-DC7C-C212-F00D495B7B59}.Release|Any CPU.ActiveCfg = Release|Any CPU
		{47FFBBE1-989F-DC7C-C212-F00D495B7B59}.Release|Any CPU.Build.0 = Release|Any CPU
	EndGlobalSection
	GlobalSection(SolutionProperties) = preSolution
		HideSolutionNode = FALSE
	EndGlobalSection
EndGlobal
